
Microsoft Visual Studio Solution File, Format Version 12.00
# Visual Studio Version 16
VisualStudioVersion = 16.0.29709.97
MinimumVisualStudioVersion = 10.0.40219.1
Project("{9A19103F-16F7-4668-BE54-9A1E7A4F7556}") = "lab3", "lab3\lab3.csproj", "{30724651-6BD6-4A22-BA73-FF2E4E274BE5}"
EndProject
Project("{2150E333-8FDC-42A3-9474-1A3956D46DE8}") = "Solution Items", "Solution Items", "{3E299B94-5F07-49DE-8226-55EDC56F13E3}"
	ProjectSection(SolutionItems) = preProject
		..\Ninject-master\appveyor.yml = ..\Ninject-master\appveyor.yml
		..\Ninject-master\CHANGELOG.md = ..\Ninject-master\CHANGELOG.md
		..\Ninject-master\README.md = ..\Ninject-master\README.md
		..\Ninject-master\version.json = ..\Ninject-master\version.json
	EndProjectSection
EndProject
Global
	GlobalSection(SolutionConfigurationPlatforms) = preSolution
		Debug|Any CPU = Debug|Any CPU
		Release|Any CPU = Release|Any CPU
	EndGlobalSection
	GlobalSection(ProjectConfigurationPlatforms) = postSolution
		{30724651-6BD6-4A22-BA73-FF2E4E274BE5}.Debug|Any CPU.ActiveCfg = Debug|Any CPU
		{30724651-6BD6-4A22-BA73-FF2E4E274BE5}.Debug|Any CPU.Build.0 = Debug|Any CPU
		{30724651-6BD6-4A22-BA73-FF2E4E274BE5}.Release|Any CPU.ActiveCfg = Release|Any CPU
		{30724651-6BD6-4A22-BA73-FF2E4E274BE5}.Release|Any CPU.Build.0 = Release|Any CPU
	EndGlobalSection
	GlobalSection(SolutionProperties) = preSolution
		HideSolutionNode = FALSE
	EndGlobalSection
	GlobalSection(ExtensibilityGlobals) = postSolution
		SolutionGuid = {8ADBE774-C99E-45D1-B416-A9D66AB97C82}
	EndGlobalSection
EndGlobal
